// !$*UTF8*$!
{
	archiveVersion = 1;
	classes = {
	};
	objectVersion = 46;
	objects = {

/* Begin PBXBuildFile section */
		4900C9A21B1A9DE80094BECE /* GaemViewController.swift in Sources */ = {isa = PBXBuildFile; fileRef = 4900C9A11B1A9DE80094BECE /* GaemViewController.swift */; };
		4932A0051B0DAAA900CA007E /* AppDelegate.swift in Sources */ = {isa = PBXBuildFile; fileRef = 4932A0041B0DAAA900CA007E /* AppDelegate.swift */; };
		4932A0081B0DAAA900CA007E /* TableTop.xcdatamodeld in Sources */ = {isa = PBXBuildFile; fileRef = 4932A0061B0DAAA900CA007E /* TableTop.xcdatamodeld */; };
		4932A00D1B0DAAA900CA007E /* Main.storyboard in Resources */ = {isa = PBXBuildFile; fileRef = 4932A00B1B0DAAA900CA007E /* Main.storyboard */; };
		4932A00F1B0DAAA900CA007E /* Images.xcassets in Resources */ = {isa = PBXBuildFile; fileRef = 4932A00E1B0DAAA900CA007E /* Images.xcassets */; };
		4932A0121B0DAAA900CA007E /* LaunchScreen.xib in Resources */ = {isa = PBXBuildFile; fileRef = 4932A0101B0DAAA900CA007E /* LaunchScreen.xib */; };
		4932A01E1B0DAAA900CA007E /* TableTopTests.swift in Sources */ = {isa = PBXBuildFile; fileRef = 4932A01D1B0DAAA900CA007E /* TableTopTests.swift */; };
		4932A0281B0DB29E00CA007E /* MultipeerConnectivityManager.swift in Sources */ = {isa = PBXBuildFile; fileRef = 4932A0271B0DB29E00CA007E /* MultipeerConnectivityManager.swift */; };
		4932A02A1B13C7D400CA007E /* RootViewController.swift in Sources */ = {isa = PBXBuildFile; fileRef = 4932A0291B13C7D400CA007E /* RootViewController.swift */; };
/* End PBXBuildFile section */

/* Begin PBXContainerItemProxy section */
		4932A0181B0DAAA900CA007E /* PBXContainerItemProxy */ = {
			isa = PBXContainerItemProxy;
			containerPortal = 49329FF71B0DAAA900CA007E /* Project object */;
			proxyType = 1;
			remoteGlobalIDString = 49329FFE1B0DAAA900CA007E;
			remoteInfo = TableTop;
		};
/* End PBXContainerItemProxy section */

/* Begin PBXFileReference section */
		4900C9A11B1A9DE80094BECE /* GaemViewController.swift */ = {isa = PBXFileReference; fileEncoding = 4; lastKnownFileType = sourcecode.swift; path = GaemViewController.swift; sourceTree = "<group>"; };
		49329FFF1B0DAAA900CA007E /* TableTop.app */ = {isa = PBXFileReference; explicitFileType = wrapper.application; includeInIndex = 0; path = TableTop.app; sourceTree = BUILT_PRODUCTS_DIR; };
		4932A0031B0DAAA900CA007E /* Info.plist */ = {isa = PBXFileReference; lastKnownFileType = text.plist.xml; path = Info.plist; sourceTree = "<group>"; };
		4932A0041B0DAAA900CA007E /* AppDelegate.swift */ = {isa = PBXFileReference; lastKnownFileType = sourcecode.swift; path = AppDelegate.swift; sourceTree = "<group>"; };
		4932A0071B0DAAA900CA007E /* TableTop.xcdatamodel */ = {isa = PBXFileReference; lastKnownFileType = wrapper.xcdatamodel; path = TableTop.xcdatamodel; sourceTree = "<group>"; };
		4932A00C1B0DAAA900CA007E /* Base */ = {isa = PBXFileReference; lastKnownFileType = file.storyboard; name = Base; path = Base.lproj/Main.storyboard; sourceTree = "<group>"; };
		4932A00E1B0DAAA900CA007E /* Images.xcassets */ = {isa = PBXFileReference; lastKnownFileType = folder.assetcatalog; path = Images.xcassets; sourceTree = "<group>"; };
		4932A0111B0DAAA900CA007E /* Base */ = {isa = PBXFileReference; lastKnownFileType = file.xib; name = Base; path = Base.lproj/LaunchScreen.xib; sourceTree = "<group>"; };
		4932A0171B0DAAA900CA007E /* TableTopTests.xctest */ = {isa = PBXFileReference; explicitFileType = wrapper.cfbundle; includeInIndex = 0; path = TableTopTests.xctest; sourceTree = BUILT_PRODUCTS_DIR; };
		4932A01C1B0DAAA900CA007E /* Info.plist */ = {isa = PBXFileReference; lastKnownFileType = text.plist.xml; path = Info.plist; sourceTree = "<group>"; };
		4932A01D1B0DAAA900CA007E /* TableTopTests.swift */ = {isa = PBXFileReference; lastKnownFileType = sourcecode.swift; path = TableTopTests.swift; sourceTree = "<group>"; };
		4932A0271B0DB29E00CA007E /* MultipeerConnectivityManager.swift */ = {isa = PBXFileReference; fileEncoding = 4; lastKnownFileType = sourcecode.swift; path = MultipeerConnectivityManager.swift; sourceTree = "<group>"; };
		4932A0291B13C7D400CA007E /* RootViewController.swift */ = {isa = PBXFileReference; fileEncoding = 4; lastKnownFileType = sourcecode.swift; path = RootViewController.swift; sourceTree = "<group>"; };
/* End PBXFileReference section */

/* Begin PBXFrameworksBuildPhase section */
		49329FFC1B0DAAA900CA007E /* Frameworks */ = {
			isa = PBXFrameworksBuildPhase;
			buildActionMask = 2147483647;
			files = (
			);
			runOnlyForDeploymentPostprocessing = 0;
		};
		4932A0141B0DAAA900CA007E /* Frameworks */ = {
			isa = PBXFrameworksBuildPhase;
			buildActionMask = 2147483647;
			files = (
			);
			runOnlyForDeploymentPostprocessing = 0;
		};
/* End PBXFrameworksBuildPhase section */

/* Begin PBXGroup section */
		49329FF61B0DAAA900CA007E = {
			isa = PBXGroup;
			children = (
				4932A0011B0DAAA900CA007E /* TableTop */,
				4932A01A1B0DAAA900CA007E /* TableTopTests */,
				4932A0001B0DAAA900CA007E /* Products */,
			);
			sourceTree = "<group>";
		};
		4932A0001B0DAAA900CA007E /* Products */ = {
			isa = PBXGroup;
			children = (
				49329FFF1B0DAAA900CA007E /* TableTop.app */,
				4932A0171B0DAAA900CA007E /* TableTopTests.xctest */,
			);
			name = Products;
			sourceTree = "<group>";
		};
		4932A0011B0DAAA900CA007E /* TableTop */ = {
			isa = PBXGroup;
			children = (
				4932A0041B0DAAA900CA007E /* AppDelegate.swift */,
				4932A0291B13C7D400CA007E /* RootViewController.swift */,
				4900C9A11B1A9DE80094BECE /* GaemViewController.swift */,
				4932A0271B0DB29E00CA007E /* MultipeerConnectivityManager.swift */,
				4932A00B1B0DAAA900CA007E /* Main.storyboard */,
				4932A00E1B0DAAA900CA007E /* Images.xcassets */,
				4932A0101B0DAAA900CA007E /* LaunchScreen.xib */,
				4932A0061B0DAAA900CA007E /* TableTop.xcdatamodeld */,
				4932A0021B0DAAA900CA007E /* Supporting Files */,
			);
			path = TableTop;
			sourceTree = "<group>";
		};
		4932A0021B0DAAA900CA007E /* Supporting Files */ = {
			isa = PBXGroup;
			children = (
				4932A0031B0DAAA900CA007E /* Info.plist */,
			);
			name = "Supporting Files";
			sourceTree = "<group>";
		};
		4932A01A1B0DAAA900CA007E /* TableTopTests */ = {
			isa = PBXGroup;
			children = (
				4932A01D1B0DAAA900CA007E /* TableTopTests.swift */,
				4932A01B1B0DAAA900CA007E /* Supporting Files */,
			);
			path = TableTopTests;
			sourceTree = "<group>";
		};
		4932A01B1B0DAAA900CA007E /* Supporting Files */ = {
			isa = PBXGroup;
			children = (
				4932A01C1B0DAAA900CA007E /* Info.plist */,
			);
			name = "Supporting Files";
			sourceTree = "<group>";
		};
/* End PBXGroup section */

/* Begin PBXNativeTarget section */
		49329FFE1B0DAAA900CA007E /* TableTop */ = {
			isa = PBXNativeTarget;
			buildConfigurationList = 4932A0211B0DAAA900CA007E /* Build configuration list for PBXNativeTarget "TableTop" */;
			buildPhases = (
				49329FFB1B0DAAA900CA007E /* Sources */,
				49329FFC1B0DAAA900CA007E /* Frameworks */,
				49329FFD1B0DAAA900CA007E /* Resources */,
			);
			buildRules = (
			);
			dependencies = (
			);
			name = TableTop;
			productName = TableTop;
			productReference = 49329FFF1B0DAAA900CA007E /* TableTop.app */;
			productType = "com.apple.product-type.application";
		};
		4932A0161B0DAAA900CA007E /* TableTopTests */ = {
			isa = PBXNativeTarget;
			buildConfigurationList = 4932A0241B0DAAA900CA007E /* Build configuration list for PBXNativeTarget "TableTopTests" */;
			buildPhases = (
				4932A0131B0DAAA900CA007E /* Sources */,
				4932A0141B0DAAA900CA007E /* Frameworks */,
				4932A0151B0DAAA900CA007E /* Resources */,
			);
			buildRules = (
			);
			dependencies = (
				4932A0191B0DAAA900CA007E /* PBXTargetDependency */,
			);
			name = TableTopTests;
			productName = TableTopTests;
			productReference = 4932A0171B0DAAA900CA007E /* TableTopTests.xctest */;
			productType = "com.apple.product-type.bundle.unit-test";
		};
/* End PBXNativeTarget section */

/* Begin PBXProject section */
		49329FF71B0DAAA900CA007E /* Project object */ = {
			isa = PBXProject;
			attributes = {
				LastUpgradeCheck = 0630;
				ORGANIZATIONNAME = "Andrew Liu";
				TargetAttributes = {
					49329FFE1B0DAAA900CA007E = {
						CreatedOnToolsVersion = 6.3.1;
						DevelopmentTeam = DCD4R4P68C;
					};
					4932A0161B0DAAA900CA007E = {
						CreatedOnToolsVersion = 6.3.1;
						TestTargetID = 49329FFE1B0DAAA900CA007E;
					};
				};
			};
			buildConfigurationList = 49329FFA1B0DAAA900CA007E /* Build configuration list for PBXProject "TableTop" */;
			compatibilityVersion = "Xcode 3.2";
			developmentRegion = English;
			hasScannedForEncodings = 0;
			knownRegions = (
				en,
				Base,
			);
			mainGroup = 49329FF61B0DAAA900CA007E;
			productRefGroup = 4932A0001B0DAAA900CA007E /* Products */;
			projectDirPath = "";
			projectRoot = "";
			targets = (
				49329FFE1B0DAAA900CA007E /* TableTop */,
				4932A0161B0DAAA900CA007E /* TableTopTests */,
			);
		};
/* End PBXProject section */

/* Begin PBXResourcesBuildPhase section */
		49329FFD1B0DAAA900CA007E /* Resources */ = {
			isa = PBXResourcesBuildPhase;
			buildActionMask = 2147483647;
			files = (
				4932A00D1B0DAAA900CA007E /* Main.storyboard in Resources */,
				4932A0121B0DAAA900CA007E /* LaunchScreen.xib in Resources */,
				4932A00F1B0DAAA900CA007E /* Images.xcassets in Resources */,
			);
			runOnlyForDeploymentPostprocessing = 0;
		};
		4932A0151B0DAAA900CA007E /* Resources */ = {
			isa = PBXResourcesBuildPhase;
			buildActionMask = 2147483647;
			files = (
			);
			runOnlyForDeploymentPostprocessing = 0;
		};
/* End PBXResourcesBuildPhase section */

/* Begin PBXSourcesBuildPhase section */
		49329FFB1B0DAAA900CA007E /* Sources */ = {
			isa = PBXSourcesBuildPhase;
			buildActionMask = 2147483647;
			files = (
				4932A02A1B13C7D400CA007E /* RootViewController.swift in Sources */,
				4932A0081B0DAAA900CA007E /* TableTop.xcdatamodeld in Sources */,
				4900C9A21B1A9DE80094BECE /* GaemViewController.swift in Sources */,
				4932A0281B0DB29E00CA007E /* MultipeerConnectivityManager.swift in Sources */,
				4932A0051B0DAAA900CA007E /* AppDelegate.swift in Sources */,
			);
			runOnlyForDeploymentPostprocessing = 0;
		};
		4932A0131B0DAAA900CA007E /* Sources */ = {
			isa = PBXSourcesBuildPhase;
			buildActionMask = 2147483647;
			files = (
				4932A01E1B0DAAA900CA007E /* TableTopTests.swift in Sources */,
			);
			runOnlyForDeploymentPostprocessing = 0;
		};
/* End PBXSourcesBuildPhase section */

/* Begin PBXTargetDependency section */
		4932A0191B0DAAA900CA007E /* PBXTargetDependency */ = {
			isa = PBXTargetDependency;
			target = 49329FFE1B0DAAA900CA007E /* TableTop */;
			targetProxy = 4932A0181B0DAAA900CA007E /* PBXContainerItemProxy */;
		};
/* End PBXTargetDependency section */

/* Begin PBXVariantGroup section */
		4932A00B1B0DAAA900CA007E /* Main.storyboard */ = {
			isa = PBXVariantGroup;
			children = (
				4932A00C1B0DAAA900CA007E /* Base */,
			);
			name = Main.storyboard;
			sourceTree = "<group>";
		};
		4932A0101B0DAAA900CA007E /* LaunchScreen.xib */ = {
			isa = PBXVariantGroup;
			children = (
				4932A0111B0DAAA900CA007E /* Base */,
			);
			name = LaunchScreen.xib;
			sourceTree = "<group>";
		};
/* End PBXVariantGroup section */

/* Begin XCBuildConfiguration section */
		4932A01F1B0DAAA900CA007E /* Debug */ = {
			isa = XCBuildConfiguration;
			buildSettings = {
				ALWAYS_SEARCH_USER_PATHS = NO;
				CLANG_CXX_LANGUAGE_STANDARD = "gnu++0x";
				CLANG_CXX_LIBRARY = "libc++";
				CLANG_ENABLE_MODULES = YES;
				CLANG_ENABLE_OBJC_ARC = YES;
				CLANG_WARN_BOOL_CONVERSION = YES;
				CLANG_WARN_CONSTANT_CONVERSION = YES;
				CLANG_WARN_DIRECT_OBJC_ISA_USAGE = YES_ERROR;
				CLANG_WARN_EMPTY_BODY = YES;
				CLANG_WARN_ENUM_CONVERSION = YES;
				CLANG_WARN_INT_CONVERSION = YES;
				CLANG_WARN_OBJC_ROOT_CLASS = YES_ERROR;
				CLANG_WARN_UNREACHABLE_CODE = YES;
				CLANG_WARN__DUPLICATE_METHOD_MATCH = YES;
				"CODE_SIGN_IDENTITY[sdk=iphoneos*]" = "iPhone Developer";
				COPY_PHASE_STRIP = NO;
				DEBUG_INFORMATION_FORMAT = "dwarf-with-dsym";
				ENABLE_STRICT_OBJC_MSGSEND = YES;
				GCC_C_LANGUAGE_STANDARD = gnu99;
				GCC_DYNAMIC_NO_PIC = NO;
				GCC_NO_COMMON_BLOCKS = YES;
				GCC_OPTIMIZATION_LEVEL = 0;
				GCC_PREPROCESSOR_DEFINITIONS = (
					"DEBUG=1",
					"$(inherited)",
				);
				GCC_SYMBOLS_PRIVATE_EXTERN = NO;
				GCC_WARN_64_TO_32_BIT_CONVERSION = YES;
				GCC_WARN_ABOUT_RETURN_TYPE = YES_ERROR;
				GCC_WARN_UNDECLARED_SELECTOR = YES;
				GCC_WARN_UNINITIALIZED_AUTOS = YES_AGGRESSIVE;
				GCC_WARN_UNUSED_FUNCTION = YES;
				GCC_WARN_UNUSED_VARIABLE = YES;
				IPHONEOS_DEPLOYMENT_TARGET = 8.3;
				MTL_ENABLE_DEBUG_INFO = YES;
				ONLY_ACTIVE_ARCH = YES;
				SDKROOT = iphoneos;
				SWIFT_OPTIMIZATION_LEVEL = "-Onone";
			};
			name = Debug;
		};
		4932A0201B0DAAA900CA007E /* Release */ = {
			isa = XCBuildConfiguration;
			buildSettings = {
				ALWAYS_SEARCH_USER_PATHS = NO;
				CLANG_CXX_LANGUAGE_STANDARD = "gnu++0x";
				CLANG_CXX_LIBRARY = "libc++";
				CLANG_ENABLE_MODULES = YES;
				CLANG_ENABLE_OBJC_ARC = YES;
				CLANG_WARN_BOOL_CONVERSION = YES;
				CLANG_WARN_CONSTANT_CONVERSION = YES;
				CLANG_WARN_DIRECT_OBJC_ISA_USAGE = YES_ERROR;
				CLANG_WARN_EMPTY_BODY = YES;
				CLANG_WARN_ENUM_CONVERSION = YES;
				CLANG_WARN_INT_CONVERSION = YES;
				CLANG_WARN_OBJC_ROOT_CLASS = YES_ERROR;
				CLANG_WARN_UNREACHABLE_CODE = YES;
				CLANG_WARN__DUPLICATE_METHOD_MATCH = YES;
				"CODE_SIGN_IDENTITY[sdk=iphoneos*]" = "iPhone Developer";
				COPY_PHASE_STRIP = NO;
				DEBUG_INFORMATION_FORMAT = "dwarf-with-dsym";
				ENABLE_NS_ASSERTIONS = NO;
				ENABLE_STRICT_OBJC_MSGSEND = YES;
				GCC_C_LANGUAGE_STANDARD = gnu99;
				GCC_NO_COMMON_BLOCKS = YES;
				GCC_WARN_64_TO_32_BIT_CONVERSION = YES;
				GCC_WARN_ABOUT_RETURN_TYPE = YES_ERROR;
				GCC_WARN_UNDECLARED_SELECTOR = YES;
				GCC_WARN_UNINITIALIZED_AUTOS = YES_AGGRESSIVE;
				GCC_WARN_UNUSED_FUNCTION = YES;
				GCC_WARN_UNUSED_VARIABLE = YES;
				IPHONEOS_DEPLOYMENT_TARGET = 8.3;
				MTL_ENABLE_DEBUG_INFO = NO;
				SDKROOT = iphoneos;
				VALIDATE_PRODUCT = YES;
			};
			name = Release;
		};
		4932A0221B0DAAA900CA007E /* Debug */ = {
			isa = XCBuildConfiguration;
			buildSettings = {
				ASSETCATALOG_COMPILER_APPICON_NAME = AppIcon;
				CODE_SIGN_IDENTITY = "iPhone Developer";
				"CODE_SIGN_IDENTITY[sdk=iphoneos*]" = "iPhone Developer";
				INFOPLIST_FILE = TableTop/Info.plist;
				IPHONEOS_DEPLOYMENT_TARGET = 8.0;
				LD_RUNPATH_SEARCH_PATHS = "$(inherited) @executable_path/Frameworks";
				PRODUCT_NAME = "$(TARGET_NAME)";
				PROVISIONING_PROFILE = "";
			};
			name = Debug;
		};
		4932A0231B0DAAA900CA007E /* Release */ = {
			isa = XCBuildConfiguration;
			buildSettings = {
				ASSETCATALOG_COMPILER_APPICON_NAME = AppIcon;
				CODE_SIGN_IDENTITY = "iPhone Developer";
				"CODE_SIGN_IDENTITY[sdk=iphoneos*]" = "iPhone Developer";
				INFOPLIST_FILE = TableTop/Info.plist;
				IPHONEOS_DEPLOYMENT_TARGET = 8.0;
				LD_RUNPATH_SEARCH_PATHS = "$(inherited) @executable_path/Frameworks";
				PRODUCT_NAME = "$(TARGET_NAME)";
				PROVISIONING_PROFILE = "";
			};
			name = Release;
		};
		4932A0251B0DAAA900CA007E /* Debug */ = {
			isa = XCBuildConfiguration;
			buildSettings = {
				BUNDLE_LOADER = "$(TEST_HOST)";
				FRAMEWORK_SEARCH_PATHS = (
					"$(SDKROOT)/Developer/Library/Frameworks",
					"$(inherited)",
				);
				GCC_PREPROCESSOR_DEFINITIONS = (
					"DEBUG=1",
					"$(inherited)",
				);
				INFOPLIST_FILE = TableTopTests/Info.plist;
				LD_RUNPATH_SEARCH_PATHS = "$(inherited) @executable_path/Frameworks @loader_path/Frameworks";
				PRODUCT_NAME = "$(TARGET_NAME)";
				TEST_HOST = "$(BUILT_PRODUCTS_DIR)/TableTop.app/TableTop";
			};
			name = Debug;
		};
		4932A0261B0DAAA900CA007E /* Release */ = {
			isa = XCBuildConfiguration;
			buildSettings = {
				BUNDLE_LOADER = "$(TEST_HOST)";
				FRAMEWORK_SEARCH_PATHS = (
					"$(SDKROOT)/Developer/Library/Frameworks",
					"$(inherited)",
				);
				INFOPLIST_FILE = TableTopTests/Info.plist;
				LD_RUNPATH_SEARCH_PATHS = "$(inherited) @executable_path/Frameworks @loader_path/Frameworks";
				PRODUCT_NAME = "$(TARGET_NAME)";
				TEST_HOST = "$(BUILT_PRODUCTS_DIR)/TableTop.app/TableTop";
			};
			name = Release;
		};
/* End XCBuildConfiguration section */

/* Begin XCConfigurationList section */
		49329FFA1B0DAAA900CA007E /* Build configuration list for PBXProject "TableTop" */ = {
			isa = XCConfigurationList;
			buildConfigurations = (
				4932A01F1B0DAAA900CA007E /* Debug */,
				4932A0201B0DAAA900CA007E /* Release */,
			);
			defaultConfigurationIsVisible = 0;
			defaultConfigurationName = Release;
		};
		4932A0211B0DAAA900CA007E /* Build configuration list for PBXNativeTarget "TableTop" */ = {
			isa = XCConfigurationList;
			buildConfigurations = (
				4932A0221B0DAAA900CA007E /* Debug */,
				4932A0231B0DAAA900CA007E /* Release */,
			);
			defaultConfigurationIsVisible = 0;
			defaultConfigurationName = Release;
		};
		4932A0241B0DAAA900CA007E /* Build configuration list for PBXNativeTarget "TableTopTests" */ = {
			isa = XCConfigurationList;
			buildConfigurations = (
				4932A0251B0DAAA900CA007E /* Debug */,
				4932A0261B0DAAA900CA007E /* Release */,
			);
			defaultConfigurationIsVisible = 0;
			defaultConfigurationName = Release;
		};
/* End XCConfigurationList section */

/* Begin XCVersionGroup section */
		4932A0061B0DAAA900CA007E /* TableTop.xcdatamodeld */ = {
			isa = XCVersionGroup;
			children = (
				4932A0071B0DAAA900CA007E /* TableTop.xcdatamodel */,
			);
			currentVersion = 4932A0071B0DAAA900CA007E /* TableTop.xcdatamodel */;
			path = TableTop.xcdatamodeld;
			sourceTree = "<group>";
			versionGroupType = wrapper.xcdatamodel;
		};
/* End XCVersionGroup section */
	};
	rootObject = 49329FF71B0DAAA900CA007E /* Project object */;
}
